// !$*UTF8*$!
{
	archiveVersion = 1;
	classes = {
	};
	objectVersion = 56;
	objects = {

/* Begin PBXBuildFile section */
		5C21C7B62B61647600D83C9B /* ZhaiHuiJiApp.swift in Sources */ = {isa = PBXBuildFile; fileRef = 5C21C7B52B61647600D83C9B /* ZhaiHuiJiApp.swift */; };
		5C21C7B82B61647600D83C9B /* ContentView.swift in Sources */ = {isa = PBXBuildFile; fileRef = 5C21C7B72B61647600D83C9B /* ContentView.swift */; };
		5C21C7BA2B61647600D83C9B /* Expenditure.swift in Sources */ = {isa = PBXBuildFile; fileRef = 5C21C7B92B61647600D83C9B /* Expenditure.swift */; };
		5C21C7BC2B61647800D83C9B /* Assets.xcassets in Resources */ = {isa = PBXBuildFile; fileRef = 5C21C7BB2B61647800D83C9B /* Assets.xcassets */; };
		5C21C7BF2B61647800D83C9B /* Preview Assets.xcassets in Resources */ = {isa = PBXBuildFile; fileRef = 5C21C7BE2B61647800D83C9B /* Preview Assets.xcassets */; };
		5C21C7C72B61696200D83C9B /* ExpenditureListView.swift in Sources */ = {isa = PBXBuildFile; fileRef = 5C21C7C62B61696200D83C9B /* ExpenditureListView.swift */; };
		5C21C7CA2B616D0800D83C9B /* NewExpendView.swift in Sources */ = {isa = PBXBuildFile; fileRef = 5C21C7C92B616D0800D83C9B /* NewExpendView.swift */; };
		5C21C7CD2B6176AB00D83C9B /* Util.swift in Sources */ = {isa = PBXBuildFile; fileRef = 5C21C7CC2B6176AB00D83C9B /* Util.swift */; };
		5C21C7CF2B6238F400D83C9B /* DashboardView.swift in Sources */ = {isa = PBXBuildFile; fileRef = 5C21C7CE2B6238F400D83C9B /* DashboardView.swift */; };
		5C21C7D12B623F2F00D83C9B /* ExpenditureSamples.swift in Sources */ = {isa = PBXBuildFile; fileRef = 5C21C7D02B623F2F00D83C9B /* ExpenditureSamples.swift */; };
		5C21C7D32B6241B800D83C9B /* PreviewWrapper.swift in Sources */ = {isa = PBXBuildFile; fileRef = 5C21C7D22B6241B700D83C9B /* PreviewWrapper.swift */; };
		5C7230152BD617B9007EBC4A /* EditExpend.swift in Sources */ = {isa = PBXBuildFile; fileRef = 5C7230142BD617B9007EBC4A /* EditExpend.swift */; };
		5CC980962BCE4FEF00A87701 /* ChartsDemoView.swift in Sources */ = {isa = PBXBuildFile; fileRef = 5CC980952BCE4FEF00A87701 /* ChartsDemoView.swift */; };
		5CC980992BCEB47C00A87701 /* SwiftUICharts in Frameworks */ = {isa = PBXBuildFile; productRef = 5CC980982BCEB47C00A87701 /* SwiftUICharts */; };
/* End PBXBuildFile section */

/* Begin PBXFileReference section */
		5C21C7B22B61647600D83C9B /* ZhaiHuiJi.app */ = {isa = PBXFileReference; explicitFileType = wrapper.application; includeInIndex = 0; path = ZhaiHuiJi.app; sourceTree = BUILT_PRODUCTS_DIR; };
		5C21C7B52B61647600D83C9B /* ZhaiHuiJiApp.swift */ = {isa = PBXFileReference; lastKnownFileType = sourcecode.swift; path = ZhaiHuiJiApp.swift; sourceTree = "<group>"; };
		5C21C7B72B61647600D83C9B /* ContentView.swift */ = {isa = PBXFileReference; lastKnownFileType = sourcecode.swift; path = ContentView.swift; sourceTree = "<group>"; };
		5C21C7B92B61647600D83C9B /* Expenditure.swift */ = {isa = PBXFileReference; lastKnownFileType = sourcecode.swift; path = Expenditure.swift; sourceTree = "<group>"; };
		5C21C7BB2B61647800D83C9B /* Assets.xcassets */ = {isa = PBXFileReference; lastKnownFileType = folder.assetcatalog; path = Assets.xcassets; sourceTree = "<group>"; };
		5C21C7BE2B61647800D83C9B /* Preview Assets.xcassets */ = {isa = PBXFileReference; lastKnownFileType = folder.assetcatalog; path = "Preview Assets.xcassets"; sourceTree = "<group>"; };
		5C21C7C62B61696200D83C9B /* ExpenditureListView.swift */ = {isa = PBXFileReference; lastKnownFileType = sourcecode.swift; path = ExpenditureListView.swift; sourceTree = "<group>"; };
		5C21C7C92B616D0800D83C9B /* NewExpendView.swift */ = {isa = PBXFileReference; lastKnownFileType = sourcecode.swift; path = NewExpendView.swift; sourceTree = "<group>"; };
		5C21C7CC2B6176AB00D83C9B /* Util.swift */ = {isa = PBXFileReference; lastKnownFileType = sourcecode.swift; path = Util.swift; sourceTree = "<group>"; };
		5C21C7CE2B6238F400D83C9B /* DashboardView.swift */ = {isa = PBXFileReference; lastKnownFileType = sourcecode.swift; path = DashboardView.swift; sourceTree = "<group>"; };
		5C21C7D02B623F2F00D83C9B /* ExpenditureSamples.swift */ = {isa = PBXFileReference; lastKnownFileType = sourcecode.swift; path = ExpenditureSamples.swift; sourceTree = "<group>"; };
		5C21C7D22B6241B700D83C9B /* PreviewWrapper.swift */ = {isa = PBXFileReference; lastKnownFileType = sourcecode.swift; path = PreviewWrapper.swift; sourceTree = "<group>"; };
		5C7230142BD617B9007EBC4A /* EditExpend.swift */ = {isa = PBXFileReference; lastKnownFileType = sourcecode.swift; path = EditExpend.swift; sourceTree = "<group>"; };
		5CC980952BCE4FEF00A87701 /* ChartsDemoView.swift */ = {isa = PBXFileReference; lastKnownFileType = sourcecode.swift; path = ChartsDemoView.swift; sourceTree = "<group>"; };
		5CDE94AE2BCC270700B05814 /* README.md */ = {isa = PBXFileReference; lastKnownFileType = net.daringfireball.markdown; path = README.md; sourceTree = "<group>"; };
/* End PBXFileReference section */

/* Begin PBXFrameworksBuildPhase section */
		5C21C7AF2B61647600D83C9B /* Frameworks */ = {
			isa = PBXFrameworksBuildPhase;
			buildActionMask = 2147483647;
			files = (
				5CC980992BCEB47C00A87701 /* SwiftUICharts in Frameworks */,
			);
			runOnlyForDeploymentPostprocessing = 0;
		};
/* End PBXFrameworksBuildPhase section */

/* Begin PBXGroup section */
		5C21C7A92B61647600D83C9B = {
			isa = PBXGroup;
			children = (
				5CDE94AE2BCC270700B05814 /* README.md */,
				5C21C7B42B61647600D83C9B /* ZhaiHuiJi */,
				5C21C7B32B61647600D83C9B /* Products */,
			);
			sourceTree = "<group>";
		};
		5C21C7B32B61647600D83C9B /* Products */ = {
			isa = PBXGroup;
			children = (
				5C21C7B22B61647600D83C9B /* ZhaiHuiJi.app */,
			);
			name = Products;
			sourceTree = "<group>";
		};
		5C21C7B42B61647600D83C9B /* ZhaiHuiJi */ = {
			isa = PBXGroup;
			children = (
				5C21C7B52B61647600D83C9B /* ZhaiHuiJiApp.swift */,
				5C21C7B72B61647600D83C9B /* ContentView.swift */,
				5C21C7C62B61696200D83C9B /* ExpenditureListView.swift */,
				5C21C7C92B616D0800D83C9B /* NewExpendView.swift */,
				5C7230142BD617B9007EBC4A /* EditExpend.swift */,
				5C21C7CE2B6238F400D83C9B /* DashboardView.swift */,
				5C21C7BB2B61647800D83C9B /* Assets.xcassets */,
				5C21C7CB2B6175D900D83C9B /* Extends */,
				5C21C7C52B61660400D83C9B /* Models */,
				5C21C7BD2B61647800D83C9B /* Preview Content */,
				5CC980952BCE4FEF00A87701 /* ChartsDemoView.swift */,
			);
			path = ZhaiHuiJi;
			sourceTree = "<group>";
		};
		5C21C7BD2B61647800D83C9B /* Preview Content */ = {
			isa = PBXGroup;
			children = (
				5C21C7BE2B61647800D83C9B /* Preview Assets.xcassets */,
				5C21C7D02B623F2F00D83C9B /* ExpenditureSamples.swift */,
				5C21C7D22B6241B700D83C9B /* PreviewWrapper.swift */,
			);
			path = "Preview Content";
			sourceTree = "<group>";
		};
		5C21C7C52B61660400D83C9B /* Models */ = {
			isa = PBXGroup;
			children = (
				5C21C7B92B61647600D83C9B /* Expenditure.swift */,
			);
			path = Models;
			sourceTree = "<group>";
		};
		5C21C7CB2B6175D900D83C9B /* Extends */ = {
			isa = PBXGroup;
			children = (
				5C21C7CC2B6176AB00D83C9B /* Util.swift */,
			);
			path = Extends;
			sourceTree = "<group>";
		};
/* End PBXGroup section */

/* Begin PBXNativeTarget section */
		5C21C7B12B61647600D83C9B /* ZhaiHuiJi */ = {
			isa = PBXNativeTarget;
			buildConfigurationList = 5C21C7C22B61647800D83C9B /* Build configuration list for PBXNativeTarget "ZhaiHuiJi" */;
			buildPhases = (
				5C21C7AE2B61647600D83C9B /* Sources */,
				5C21C7AF2B61647600D83C9B /* Frameworks */,
				5C21C7B02B61647600D83C9B /* Resources */,
			);
			buildRules = (
			);
			dependencies = (
			);
			name = ZhaiHuiJi;
			packageProductDependencies = (
				5CC980982BCEB47C00A87701 /* SwiftUICharts */,
			);
			productName = ZhaiHuiJi;
			productReference = 5C21C7B22B61647600D83C9B /* ZhaiHuiJi.app */;
			productType = "com.apple.product-type.application";
		};
/* End PBXNativeTarget section */

/* Begin PBXProject section */
		5C21C7AA2B61647600D83C9B /* Project object */ = {
			isa = PBXProject;
			attributes = {
				BuildIndependentTargetsInParallel = 1;
				LastSwiftUpdateCheck = 1520;
				LastUpgradeCheck = 1520;
				TargetAttributes = {
					5C21C7B12B61647600D83C9B = {
						CreatedOnToolsVersion = 15.2;
					};
				};
			};
			buildConfigurationList = 5C21C7AD2B61647600D83C9B /* Build configuration list for PBXProject "ZhaiHuiJi" */;
			compatibilityVersion = "Xcode 14.0";
			developmentRegion = en;
			hasScannedForEncodings = 0;
			knownRegions = (
				en,
				Base,
			);
			mainGroup = 5C21C7A92B61647600D83C9B;
			packageReferences = (
				5CC980972BCEB47C00A87701 /* XCRemoteSwiftPackageReference "ChartView" */,
			);
			productRefGroup = 5C21C7B32B61647600D83C9B /* Products */;
			projectDirPath = "";
			projectRoot = "";
			targets = (
				5C21C7B12B61647600D83C9B /* ZhaiHuiJi */,
			);
		};
/* End PBXProject section */

/* Begin PBXResourcesBuildPhase section */
		5C21C7B02B61647600D83C9B /* Resources */ = {
			isa = PBXResourcesBuildPhase;
			buildActionMask = 2147483647;
			files = (
				5C21C7BF2B61647800D83C9B /* Preview Assets.xcassets in Resources */,
				5C21C7BC2B61647800D83C9B /* Assets.xcassets in Resources */,
			);
			runOnlyForDeploymentPostprocessing = 0;
		};
/* End PBXResourcesBuildPhase section */

/* Begin PBXSourcesBuildPhase section */
		5C21C7AE2B61647600D83C9B /* Sources */ = {
			isa = PBXSourcesBuildPhase;
			buildActionMask = 2147483647;
			files = (
				5C21C7D32B6241B800D83C9B /* PreviewWrapper.swift in Sources */,
				5C21C7C72B61696200D83C9B /* ExpenditureListView.swift in Sources */,
				5C21C7CD2B6176AB00D83C9B /* Util.swift in Sources */,
				5C21C7B82B61647600D83C9B /* ContentView.swift in Sources */,
				5C7230152BD617B9007EBC4A /* EditExpend.swift in Sources */,
				5CC980962BCE4FEF00A87701 /* ChartsDemoView.swift in Sources */,
				5C21C7CF2B6238F400D83C9B /* DashboardView.swift in Sources */,
				5C21C7BA2B61647600D83C9B /* Expenditure.swift in Sources */,
				5C21C7D12B623F2F00D83C9B /* ExpenditureSamples.swift in Sources */,
				5C21C7B62B61647600D83C9B /* ZhaiHuiJiApp.swift in Sources */,
				5C21C7CA2B616D0800D83C9B /* NewExpendView.swift in Sources */,
			);
			runOnlyForDeploymentPostprocessing = 0;
		};
/* End PBXSourcesBuildPhase section */

/* Begin XCBuildConfiguration section */
		5C21C7C02B61647800D83C9B /* Debug */ = {
			isa = XCBuildConfiguration;
			buildSettings = {
				ALWAYS_SEARCH_USER_PATHS = NO;
				ASSETCATALOG_COMPILER_GENERATE_SWIFT_ASSET_SYMBOL_EXTENSIONS = YES;
				CLANG_ANALYZER_NONNULL = YES;
				CLANG_ANALYZER_NUMBER_OBJECT_CONVERSION = YES_AGGRESSIVE;
				CLANG_CXX_LANGUAGE_STANDARD = "gnu++20";
				CLANG_ENABLE_MODULES = YES;
				CLANG_ENABLE_OBJC_ARC = YES;
				CLANG_ENABLE_OBJC_WEAK = YES;
				CLANG_WARN_BLOCK_CAPTURE_AUTORELEASING = YES;
				CLANG_WARN_BOOL_CONVERSION = YES;
				CLANG_WARN_COMMA = YES;
				CLANG_WARN_CONSTANT_CONVERSION = YES;
				CLANG_WARN_DEPRECATED_OBJC_IMPLEMENTATIONS = YES;
				CLANG_WARN_DIRECT_OBJC_ISA_USAGE = YES_ERROR;
				CLANG_WARN_DOCUMENTATION_COMMENTS = YES;
				CLANG_WARN_EMPTY_BODY = YES;
				CLANG_WARN_ENUM_CONVERSION = YES;
				CLANG_WARN_INFINITE_RECURSION = YES;
				CLANG_WARN_INT_CONVERSION = YES;
				CLANG_WARN_NON_LITERAL_NULL_CONVERSION = YES;
				CLANG_WARN_OBJC_IMPLICIT_RETAIN_SELF = YES;
				CLANG_WARN_OBJC_LITERAL_CONVERSION = YES;
				CLANG_WARN_OBJC_ROOT_CLASS = YES_ERROR;
				CLANG_WARN_QUOTED_INCLUDE_IN_FRAMEWORK_HEADER = YES;
				CLANG_WARN_RANGE_LOOP_ANALYSIS = YES;
				CLANG_WARN_STRICT_PROTOTYPES = YES;
				CLANG_WARN_SUSPICIOUS_MOVE = YES;
				CLANG_WARN_UNGUARDED_AVAILABILITY = YES_AGGRESSIVE;
				CLANG_WARN_UNREACHABLE_CODE = YES;
				CLANG_WARN__DUPLICATE_METHOD_MATCH = YES;
				COPY_PHASE_STRIP = NO;
				DEBUG_INFORMATION_FORMAT = dwarf;
				ENABLE_STRICT_OBJC_MSGSEND = YES;
				ENABLE_TESTABILITY = YES;
				ENABLE_USER_SCRIPT_SANDBOXING = YES;
				GCC_C_LANGUAGE_STANDARD = gnu17;
				GCC_DYNAMIC_NO_PIC = NO;
				GCC_NO_COMMON_BLOCKS = YES;
				GCC_OPTIMIZATION_LEVEL = 0;
				GCC_PREPROCESSOR_DEFINITIONS = (
					"DEBUG=1",
					"$(inherited)",
				);
				GCC_WARN_64_TO_32_BIT_CONVERSION = YES;
				GCC_WARN_ABOUT_RETURN_TYPE = YES_ERROR;
				GCC_WARN_UNDECLARED_SELECTOR = YES;
				GCC_WARN_UNINITIALIZED_AUTOS = YES_AGGRESSIVE;
				GCC_WARN_UNUSED_FUNCTION = YES;
				GCC_WARN_UNUSED_VARIABLE = YES;
				IPHONEOS_DEPLOYMENT_TARGET = 17.2;
				LOCALIZATION_PREFERS_STRING_CATALOGS = YES;
				MTL_ENABLE_DEBUG_INFO = INCLUDE_SOURCE;
				MTL_FAST_MATH = YES;
				ONLY_ACTIVE_ARCH = YES;
				SDKROOT = iphoneos;
				SWIFT_ACTIVE_COMPILATION_CONDITIONS = "DEBUG $(inherited)";
				SWIFT_OPTIMIZATION_LEVEL = "-Onone";
			};
			name = Debug;
		};
		5C21C7C12B61647800D83C9B /* Release */ = {
			isa = XCBuildConfiguration;
			buildSettings = {
				ALWAYS_SEARCH_USER_PATHS = NO;
				ASSETCATALOG_COMPILER_GENERATE_SWIFT_ASSET_SYMBOL_EXTENSIONS = YES;
				CLANG_ANALYZER_NONNULL = YES;
				CLANG_ANALYZER_NUMBER_OBJECT_CONVERSION = YES_AGGRESSIVE;
				CLANG_CXX_LANGUAGE_STANDARD = "gnu++20";
				CLANG_ENABLE_MODULES = YES;
				CLANG_ENABLE_OBJC_ARC = YES;
				CLANG_ENABLE_OBJC_WEAK = YES;
				CLANG_WARN_BLOCK_CAPTURE_AUTORELEASING = YES;
				CLANG_WARN_BOOL_CONVERSION = YES;
				CLANG_WARN_COMMA = YES;
				CLANG_WARN_CONSTANT_CONVERSION = YES;
				CLANG_WARN_DEPRECATED_OBJC_IMPLEMENTATIONS = YES;
				CLANG_WARN_DIRECT_OBJC_ISA_USAGE = YES_ERROR;
				CLANG_WARN_DOCUMENTATION_COMMENTS = YES;
				CLANG_WARN_EMPTY_BODY = YES;
				CLANG_WARN_ENUM_CONVERSION = YES;
				CLANG_WARN_INFINITE_RECURSION = YES;
				CLANG_WARN_INT_CONVERSION = YES;
				CLANG_WARN_NON_LITERAL_NULL_CONVERSION = YES;
				CLANG_WARN_OBJC_IMPLICIT_RETAIN_SELF = YES;
				CLANG_WARN_OBJC_LITERAL_CONVERSION = YES;
				CLANG_WARN_OBJC_ROOT_CLASS = YES_ERROR;
				CLANG_WARN_QUOTED_INCLUDE_IN_FRAMEWORK_HEADER = YES;
				CLANG_WARN_RANGE_LOOP_ANALYSIS = YES;
				CLANG_WARN_STRICT_PROTOTYPES = YES;
				CLANG_WARN_SUSPICIOUS_MOVE = YES;
				CLANG_WARN_UNGUARDED_AVAILABILITY = YES_AGGRESSIVE;
				CLANG_WARN_UNREACHABLE_CODE = YES;
				CLANG_WARN__DUPLICATE_METHOD_MATCH = YES;
				COPY_PHASE_STRIP = NO;
				DEBUG_INFORMATION_FORMAT = "dwarf-with-dsym";
				ENABLE_NS_ASSERTIONS = NO;
				ENABLE_STRICT_OBJC_MSGSEND = YES;
				ENABLE_USER_SCRIPT_SANDBOXING = YES;
				GCC_C_LANGUAGE_STANDARD = gnu17;
				GCC_NO_COMMON_BLOCKS = YES;
				GCC_WARN_64_TO_32_BIT_CONVERSION = YES;
				GCC_WARN_ABOUT_RETURN_TYPE = YES_ERROR;
				GCC_WARN_UNDECLARED_SELECTOR = YES;
				GCC_WARN_UNINITIALIZED_AUTOS = YES_AGGRESSIVE;
				GCC_WARN_UNUSED_FUNCTION = YES;
				GCC_WARN_UNUSED_VARIABLE = YES;
				IPHONEOS_DEPLOYMENT_TARGET = 17.2;
				LOCALIZATION_PREFERS_STRING_CATALOGS = YES;
				MTL_ENABLE_DEBUG_INFO = NO;
				MTL_FAST_MATH = YES;
				SDKROOT = iphoneos;
				SWIFT_COMPILATION_MODE = wholemodule;
				VALIDATE_PRODUCT = YES;
			};
			name = Release;
		};
		5C21C7C32B61647800D83C9B /* Debug */ = {
			isa = XCBuildConfiguration;
			buildSettings = {
				ASSETCATALOG_COMPILER_APPICON_NAME = AppIcon;
				ASSETCATALOG_COMPILER_GLOBAL_ACCENT_COLOR_NAME = AccentColor;
				CODE_SIGN_STYLE = Automatic;
				CURRENT_PROJECT_VERSION = 1;
				DEVELOPMENT_ASSET_PATHS = "\"ZhaiHuiJi/Preview Content\"";
				DEVELOPMENT_TEAM = 4L3563XCBN;
				ENABLE_PREVIEWS = YES;
				GENERATE_INFOPLIST_FILE = YES;
				INFOPLIST_KEY_CFBundleDisplayName = "燃气记";
				INFOPLIST_KEY_LSApplicationCategoryType = "public.app-category.lifestyle";
				INFOPLIST_KEY_UIApplicationSceneManifest_Generation = YES;
				INFOPLIST_KEY_UIApplicationSupportsIndirectInputEvents = YES;
				INFOPLIST_KEY_UILaunchScreen_Generation = YES;
				INFOPLIST_KEY_UISupportedInterfaceOrientations_iPad = "UIInterfaceOrientationPortrait UIInterfaceOrientationPortraitUpsideDown UIInterfaceOrientationLandscapeLeft UIInterfaceOrientationLandscapeRight";
				INFOPLIST_KEY_UISupportedInterfaceOrientations_iPhone = "UIInterfaceOrientationPortrait UIInterfaceOrientationLandscapeLeft UIInterfaceOrientationLandscapeRight";
				IPHONEOS_DEPLOYMENT_TARGET = 17.0;
				LD_RUNPATH_SEARCH_PATHS = (
					"$(inherited)",
					"@executable_path/Frameworks",
				);
				MARKETING_VERSION = 1.0;
				PRODUCT_BUNDLE_IDENTIFIER = cn.wflixu.zhaihuiji;
				PRODUCT_NAME = "$(TARGET_NAME)";
				SUPPORTED_PLATFORMS = "iphoneos iphonesimulator";
				SUPPORTS_MACCATALYST = NO;
				SUPPORTS_MAC_DESIGNED_FOR_IPHONE_IPAD = NO;
				SUPPORTS_XR_DESIGNED_FOR_IPHONE_IPAD = NO;
				SWIFT_EMIT_LOC_STRINGS = YES;
				SWIFT_VERSION = 5.0;
				TARGETED_DEVICE_FAMILY = 1;
			};
			name = Debug;
		};
		5C21C7C42B61647800D83C9B /* Release */ = {
			isa = XCBuildConfiguration;
			buildSettings = {
				ASSETCATALOG_COMPILER_APPICON_NAME = AppIcon;
				ASSETCATALOG_COMPILER_GLOBAL_ACCENT_COLOR_NAME = AccentColor;
				CODE_SIGN_STYLE = Automatic;
				CURRENT_PROJECT_VERSION = 1;
				DEVELOPMENT_ASSET_PATHS = "\"ZhaiHuiJi/Preview Content\"";
				DEVELOPMENT_TEAM = 4L3563XCBN;
				ENABLE_PREVIEWS = YES;
				GENERATE_INFOPLIST_FILE = YES;
				INFOPLIST_KEY_CFBundleDisplayName = "燃气记";
				INFOPLIST_KEY_LSApplicationCategoryType = "public.app-category.lifestyle";
				INFOPLIST_KEY_UIApplicationSceneManifest_Generation = YES;
				INFOPLIST_KEY_UIApplicationSupportsIndirectInputEvents = YES;
				INFOPLIST_KEY_UILaunchScreen_Generation = YES;
				INFOPLIST_KEY_UISupportedInterfaceOrientations_iPad = "UIInterfaceOrientationPortrait UIInterfaceOrientationPortraitUpsideDown UIInterfaceOrientationLandscapeLeft UIInterfaceOrientationLandscapeRight";
				INFOPLIST_KEY_UISupportedInterfaceOrientations_iPhone = "UIInterfaceOrientationPortrait UIInterfaceOrientationLandscapeLeft UIInterfaceOrientationLandscapeRight";
				IPHONEOS_DEPLOYMENT_TARGET = 17.0;
				LD_RUNPATH_SEARCH_PATHS = (
					"$(inherited)",
					"@executable_path/Frameworks",
				);
				MARKETING_VERSION = 1.0;
				PRODUCT_BUNDLE_IDENTIFIER = cn.wflixu.zhaihuiji;
				PRODUCT_NAME = "$(TARGET_NAME)";
				SUPPORTED_PLATFORMS = "iphoneos iphonesimulator";
				SUPPORTS_MACCATALYST = NO;
				SUPPORTS_MAC_DESIGNED_FOR_IPHONE_IPAD = NO;
				SUPPORTS_XR_DESIGNED_FOR_IPHONE_IPAD = NO;
				SWIFT_EMIT_LOC_STRINGS = YES;
				SWIFT_VERSION = 5.0;
				TARGETED_DEVICE_FAMILY = 1;
			};
			name = Release;
		};
/* End XCBuildConfiguration section */

/* Begin XCConfigurationList section */
		5C21C7AD2B61647600D83C9B /* Build configuration list for PBXProject "ZhaiHuiJi" */ = {
			isa = XCConfigurationList;
			buildConfigurations = (
				5C21C7C02B61647800D83C9B /* Debug */,
				5C21C7C12B61647800D83C9B /* Release */,
			);
			defaultConfigurationIsVisible = 0;
			defaultConfigurationName = Release;
		};
		5C21C7C22B61647800D83C9B /* Build configuration list for PBXNativeTarget "ZhaiHuiJi" */ = {
			isa = XCConfigurationList;
			buildConfigurations = (
				5C21C7C32B61647800D83C9B /* Debug */,
				5C21C7C42B61647800D83C9B /* Release */,
			);
			defaultConfigurationIsVisible = 0;
			defaultConfigurationName = Release;
		};
/* End XCConfigurationList section */

/* Begin XCRemoteSwiftPackageReference section */
		5CC980972BCEB47C00A87701 /* XCRemoteSwiftPackageReference "ChartView" */ = {
			isa = XCRemoteSwiftPackageReference;
			repositoryURL = "https://github.com/AppPear/ChartView";
			requirement = {
				kind = upToNextMajorVersion;
				minimumVersion = 1.5.5;
			};
		};
/* End XCRemoteSwiftPackageReference section */

/* Begin XCSwiftPackageProductDependency section */
		5CC980982BCEB47C00A87701 /* SwiftUICharts */ = {
			isa = XCSwiftPackageProductDependency;
			package = 5CC980972BCEB47C00A87701 /* XCRemoteSwiftPackageReference "ChartView" */;
			productName = SwiftUICharts;
		};
/* End XCSwiftPackageProductDependency section */
	};
	rootObject = 5C21C7AA2B61647600D83C9B /* Project object */;
}
